
Microsoft Visual Studio Solution File, Format Version 12.00
# Visual Studio 15
VisualStudioVersion = 15.0.27428.2043
MinimumVisualStudioVersion = 10.0.40219.1
Project("{FAE04EC0-301F-11D3-BF4B-00C04F79EFBC}") = "hex to bin", "hex to bin\hex to bin.csproj", "{7F36243E-A0FC-45F1-A467-AF149379AC0C}"
EndProject
Global
	GlobalSection(SolutionConfigurationPlatforms) = preSolution
		Debug|Any CPU = Debug|Any CPU
		Release|Any CPU = Release|Any CPU
	EndGlobalSection
	GlobalSection(ProjectConfigurationPlatforms) = postSolution
		{7F36243E-A0FC-45F1-A467-AF149379AC0C}.Debug|Any CPU.ActiveCfg = Debug|Any CPU
		{7F36243E-A0FC-45F1-A467-AF149379AC0C}.Debug|Any CPU.Build.0 = Debug|Any CPU
		{7F36243E-A0FC-45F1-A467-AF149379AC0C}.Release|Any CPU.ActiveCfg = Release|Any CPU
		{7F36243E-A0FC-45F1-A467-AF149379AC0C}.Release|Any CPU.Build.0 = Release|Any CPU
	EndGlobalSection
	GlobalSection(SolutionProperties) = preSolution
		HideSolutionNode = FALSE
	EndGlobalSection
	GlobalSection(ExtensibilityGlobals) = postSolution
		SolutionGuid = {3BCC490B-E781-46C7-AB24-A24A813D9ABF}
	EndGlobalSection
EndGlobal
